
Microsoft Visual Studio Solution File, Format Version 12.00
# Visual Studio Version 16
VisualStudioVersion = 16.0.34902.97
MinimumVisualStudioVersion = 10.0.40219.1
Project("{FAE04EC0-301F-11D3-BF4B-00C04F79EFBC}") = "ReportGeneration_Galkin", "ReportGeneration_Galkin\ReportGeneration_Galkin.csproj", "{E2CB4BE3-18B9-4260-93E6-710622A99287}"
EndProject
Global
	GlobalSection(SolutionConfigurationPlatforms) = preSolution
		Debug|Any CPU = Debug|Any CPU
		Release|Any CPU = Release|Any CPU
	EndGlobalSection
	GlobalSection(ProjectConfigurationPlatforms) = postSolution
		{E2CB4BE3-18B9-4260-93E6-710622A99287}.Debug|Any CPU.ActiveCfg = Debug|Any CPU
		{E2CB4BE3-18B9-4260-93E6-710622A99287}.Debug|Any CPU.Build.0 = Debug|Any CPU
		{E2CB4BE3-18B9-4260-93E6-710622A99287}.Release|Any CPU.ActiveCfg = Release|Any CPU
		{E2CB4BE3-18B9-4260-93E6-710622A99287}.Release|Any CPU.Build.0 = Release|Any CPU
	EndGlobalSection
	GlobalSection(SolutionProperties) = preSolution
		HideSolutionNode = FALSE
	EndGlobalSection
	GlobalSection(ExtensibilityGlobals) = postSolution
		SolutionGuid = {9E55EBDB-C0CD-4E31-AB60-781462BF416C}
	EndGlobalSection
EndGlobal
